// !$*UTF8*$!
{
	archiveVersion = 1;
	classes = {
	};
	objectVersion = 77;
	objects = {

/* Begin PBXContainerItemProxy section */
		6EDA75542D5686F80029CC1A /* PBXContainerItemProxy */ = {
			isa = PBXContainerItemProxy;
			containerPortal = 6EDA753B2D5686F50029CC1A /* Project object */;
			proxyType = 1;
			remoteGlobalIDString = 6EDA75422D5686F50029CC1A;
			remoteInfo = "LogIn&Out";
		};
		6EDA755E2D5686F80029CC1A /* PBXContainerItemProxy */ = {
			isa = PBXContainerItemProxy;
			containerPortal = 6EDA753B2D5686F50029CC1A /* Project object */;
			proxyType = 1;
			remoteGlobalIDString = 6EDA75422D5686F50029CC1A;
			remoteInfo = "LogIn&Out";
		};
/* End PBXContainerItemProxy section */

/* Begin PBXFileReference section */
		6EDA75432D5686F50029CC1A /* LogIn&Out.app */ = {isa = PBXFileReference; explicitFileType = wrapper.application; includeInIndex = 0; path = "LogIn&Out.app"; sourceTree = BUILT_PRODUCTS_DIR; };
		6EDA75532D5686F80029CC1A /* LogIn&OutTests.xctest */ = {isa = PBXFileReference; explicitFileType = wrapper.cfbundle; includeInIndex = 0; path = "LogIn&OutTests.xctest"; sourceTree = BUILT_PRODUCTS_DIR; };
		6EDA755D2D5686F80029CC1A /* LogIn&OutUITests.xctest */ = {isa = PBXFileReference; explicitFileType = wrapper.cfbundle; includeInIndex = 0; path = "LogIn&OutUITests.xctest"; sourceTree = BUILT_PRODUCTS_DIR; };
/* End PBXFileReference section */

/* Begin PBXFileSystemSynchronizedRootGroup section */
		6EDA75452D5686F50029CC1A /* LogIn&Out */ = {
			isa = PBXFileSystemSynchronizedRootGroup;
			path = "LogIn&Out";
			sourceTree = "<group>";
		};
		6EDA75562D5686F80029CC1A /* LogIn&OutTests */ = {
			isa = PBXFileSystemSynchronizedRootGroup;
			path = "LogIn&OutTests";
			sourceTree = "<group>";
		};
		6EDA75602D5686F80029CC1A /* LogIn&OutUITests */ = {
			isa = PBXFileSystemSynchronizedRootGroup;
			path = "LogIn&OutUITests";
			sourceTree = "<group>";
		};
/* End PBXFileSystemSynchronizedRootGroup section */

/* Begin PBXFrameworksBuildPhase section */
		6EDA75402D5686F50029CC1A /* Frameworks */ = {
			isa = PBXFrameworksBuildPhase;
			buildActionMask = 2147483647;
			files = (
			);
			runOnlyForDeploymentPostprocessing = 0;
		};
		6EDA75502D5686F80029CC1A /* Frameworks */ = {
			isa = PBXFrameworksBuildPhase;
			buildActionMask = 2147483647;
			files = (
			);
			runOnlyForDeploymentPostprocessing = 0;
		};
		6EDA755A2D5686F80029CC1A /* Frameworks */ = {
			isa = PBXFrameworksBuildPhase;
			buildActionMask = 2147483647;
			files = (
			);
			runOnlyForDeploymentPostprocessing = 0;
		};
/* End PBXFrameworksBuildPhase section */

/* Begin PBXGroup section */
		6EDA753A2D5686F50029CC1A = {
			isa = PBXGroup;
			children = (
				6EDA75452D5686F50029CC1A /* LogIn&Out */,
				6EDA75562D5686F80029CC1A /* LogIn&OutTests */,
				6EDA75602D5686F80029CC1A /* LogIn&OutUITests */,
				6EDA75442D5686F50029CC1A /* Products */,
			);
			sourceTree = "<group>";
		};
		6EDA75442D5686F50029CC1A /* Products */ = {
			isa = PBXGroup;
			children = (
				6EDA75432D5686F50029CC1A /* LogIn&Out.app */,
				6EDA75532D5686F80029CC1A /* LogIn&OutTests.xctest */,
				6EDA755D2D5686F80029CC1A /* LogIn&OutUITests.xctest */,
			);
			name = Products;
			sourceTree = "<group>";
		};
/* End PBXGroup section */

/* Begin PBXNativeTarget section */
		6EDA75422D5686F50029CC1A /* LogIn&Out */ = {
			isa = PBXNativeTarget;
			buildConfigurationList = 6EDA75672D5686F80029CC1A /* Build configuration list for PBXNativeTarget "LogIn&Out" */;
			buildPhases = (
				6EDA753F2D5686F50029CC1A /* Sources */,
				6EDA75402D5686F50029CC1A /* Frameworks */,
				6EDA75412D5686F50029CC1A /* Resources */,
			);
			buildRules = (
			);
			dependencies = (
			);
			fileSystemSynchronizedGroups = (
				6EDA75452D5686F50029CC1A /* LogIn&Out */,
			);
			name = "LogIn&Out";
			packageProductDependencies = (
			);
			productName = "LogIn&Out";
			productReference = 6EDA75432D5686F50029CC1A /* LogIn&Out.app */;
			productType = "com.apple.product-type.application";
		};
		6EDA75522D5686F80029CC1A /* LogIn&OutTests */ = {
			isa = PBXNativeTarget;
			buildConfigurationList = 6EDA756A2D5686F80029CC1A /* Build configuration list for PBXNativeTarget "LogIn&OutTests" */;
			buildPhases = (
				6EDA754F2D5686F80029CC1A /* Sources */,
				6EDA75502D5686F80029CC1A /* Frameworks */,
				6EDA75512D5686F80029CC1A /* Resources */,
			);
			buildRules = (
			);
			dependencies = (
				6EDA75552D5686F80029CC1A /* PBXTargetDependency */,
			);
			fileSystemSynchronizedGroups = (
				6EDA75562D5686F80029CC1A /* LogIn&OutTests */,
			);
			name = "LogIn&OutTests";
			packageProductDependencies = (
			);
			productName = "LogIn&OutTests";
			productReference = 6EDA75532D5686F80029CC1A /* LogIn&OutTests.xctest */;
			productType = "com.apple.product-type.bundle.unit-test";
		};
		6EDA755C2D5686F80029CC1A /* LogIn&OutUITests */ = {
			isa = PBXNativeTarget;
			buildConfigurationList = 6EDA756D2D5686F80029CC1A /* Build configuration list for PBXNativeTarget "LogIn&OutUITests" */;
			buildPhases = (
				6EDA75592D5686F80029CC1A /* Sources */,
				6EDA755A2D5686F80029CC1A /* Frameworks */,
				6EDA755B2D5686F80029CC1A /* Resources */,
			);
			buildRules = (
			);
			dependencies = (
				6EDA755F2D5686F80029CC1A /* PBXTargetDependency */,
			);
			fileSystemSynchronizedGroups = (
				6EDA75602D5686F80029CC1A /* LogIn&OutUITests */,
			);
			name = "LogIn&OutUITests";
			packageProductDependencies = (
			);
			productName = "LogIn&OutUITests";
			productReference = 6EDA755D2D5686F80029CC1A /* LogIn&OutUITests.xctest */;
			productType = "com.apple.product-type.bundle.ui-testing";
		};
/* End PBXNativeTarget section */

/* Begin PBXProject section */
		6EDA753B2D5686F50029CC1A /* Project object */ = {
			isa = PBXProject;
			attributes = {
				BuildIndependentTargetsInParallel = 1;
				LastSwiftUpdateCheck = 1610;
				LastUpgradeCheck = 1610;
				TargetAttributes = {
					6EDA75422D5686F50029CC1A = {
						CreatedOnToolsVersion = 16.1;
					};
					6EDA75522D5686F80029CC1A = {
						CreatedOnToolsVersion = 16.1;
						TestTargetID = 6EDA75422D5686F50029CC1A;
					};
					6EDA755C2D5686F80029CC1A = {
						CreatedOnToolsVersion = 16.1;
						TestTargetID = 6EDA75422D5686F50029CC1A;
					};
				};
			};
			buildConfigurationList = 6EDA753E2D5686F50029CC1A /* Build configuration list for PBXProject "LogIn&Out" */;
			developmentRegion = en;
			hasScannedForEncodings = 0;
			knownRegions = (
				en,
				Base,
			);
			mainGroup = 6EDA753A2D5686F50029CC1A;
			minimizedProjectReferenceProxies = 1;
			preferredProjectObjectVersion = 77;
			productRefGroup = 6EDA75442D5686F50029CC1A /* Products */;
			projectDirPath = "";
			projectRoot = "";
			targets = (
				6EDA75422D5686F50029CC1A /* LogIn&Out */,
				6EDA75522D5686F80029CC1A /* LogIn&OutTests */,
				6EDA755C2D5686F80029CC1A /* LogIn&OutUITests */,
			);
		};
/* End PBXProject section */

/* Begin PBXResourcesBuildPhase section */
		6EDA75412D5686F50029CC1A /* Resources */ = {
			isa = PBXResourcesBuildPhase;
			buildActionMask = 2147483647;
			files = (
			);
			runOnlyForDeploymentPostprocessing = 0;
		};
		6EDA75512D5686F80029CC1A /* Resources */ = {
			isa = PBXResourcesBuildPhase;
			buildActionMask = 2147483647;
			files = (
			);
			runOnlyForDeploymentPostprocessing = 0;
		};
		6EDA755B2D5686F80029CC1A /* Resources */ = {
			isa = PBXResourcesBuildPhase;
			buildActionMask = 2147483647;
			files = (
			);
			runOnlyForDeploymentPostprocessing = 0;
		};
/* End PBXResourcesBuildPhase section */

/* Begin PBXSourcesBuildPhase section */
		6EDA753F2D5686F50029CC1A /* Sources */ = {
			isa = PBXSourcesBuildPhase;
			buildActionMask = 2147483647;
			files = (
			);
			runOnlyForDeploymentPostprocessing = 0;
		};
		6EDA754F2D5686F80029CC1A /* Sources */ = {
			isa = PBXSourcesBuildPhase;
			buildActionMask = 2147483647;
			files = (
			);
			runOnlyForDeploymentPostprocessing = 0;
		};
		6EDA75592D5686F80029CC1A /* Sources */ = {
			isa = PBXSourcesBuildPhase;
			buildActionMask = 2147483647;
			files = (
			);
			runOnlyForDeploymentPostprocessing = 0;
		};
/* End PBXSourcesBuildPhase section */

/* Begin PBXTargetDependency section */
		6EDA75552D5686F80029CC1A /* PBXTargetDependency */ = {
			isa = PBXTargetDependency;
			target = 6EDA75422D5686F50029CC1A /* LogIn&Out */;
			targetProxy = 6EDA75542D5686F80029CC1A /* PBXContainerItemProxy */;
		};
		6EDA755F2D5686F80029CC1A /* PBXTargetDependency */ = {
			isa = PBXTargetDependency;
			target = 6EDA75422D5686F50029CC1A /* LogIn&Out */;
			targetProxy = 6EDA755E2D5686F80029CC1A /* PBXContainerItemProxy */;
		};
/* End PBXTargetDependency section */

/* Begin XCBuildConfiguration section */
		6EDA75652D5686F80029CC1A /* Debug */ = {
			isa = XCBuildConfiguration;
			buildSettings = {
				ALWAYS_SEARCH_USER_PATHS = NO;
				ASSETCATALOG_COMPILER_GENERATE_SWIFT_ASSET_SYMBOL_EXTENSIONS = YES;
				CLANG_ANALYZER_NONNULL = YES;
				CLANG_ANALYZER_NUMBER_OBJECT_CONVERSION = YES_AGGRESSIVE;
				CLANG_CXX_LANGUAGE_STANDARD = "gnu++20";
				CLANG_ENABLE_MODULES = YES;
				CLANG_ENABLE_OBJC_ARC = YES;
				CLANG_ENABLE_OBJC_WEAK = YES;
				CLANG_WARN_BLOCK_CAPTURE_AUTORELEASING = YES;
				CLANG_WARN_BOOL_CONVERSION = YES;
				CLANG_WARN_COMMA = YES;
				CLANG_WARN_CONSTANT_CONVERSION = YES;
				CLANG_WARN_DEPRECATED_OBJC_IMPLEMENTATIONS = YES;
				CLANG_WARN_DIRECT_OBJC_ISA_USAGE = YES_ERROR;
				CLANG_WARN_DOCUMENTATION_COMMENTS = YES;
				CLANG_WARN_EMPTY_BODY = YES;
				CLANG_WARN_ENUM_CONVERSION = YES;
				CLANG_WARN_INFINITE_RECURSION = YES;
				CLANG_WARN_INT_CONVERSION = YES;
				CLANG_WARN_NON_LITERAL_NULL_CONVERSION = YES;
				CLANG_WARN_OBJC_IMPLICIT_RETAIN_SELF = YES;
				CLANG_WARN_OBJC_LITERAL_CONVERSION = YES;
				CLANG_WARN_OBJC_ROOT_CLASS = YES_ERROR;
				CLANG_WARN_QUOTED_INCLUDE_IN_FRAMEWORK_HEADER = YES;
				CLANG_WARN_RANGE_LOOP_ANALYSIS = YES;
				CLANG_WARN_STRICT_PROTOTYPES = YES;
				CLANG_WARN_SUSPICIOUS_MOVE = YES;
				CLANG_WARN_UNGUARDED_AVAILABILITY = YES_AGGRESSIVE;
				CLANG_WARN_UNREACHABLE_CODE = YES;
				CLANG_WARN__DUPLICATE_METHOD_MATCH = YES;
				COPY_PHASE_STRIP = NO;
				DEBUG_INFORMATION_FORMAT = dwarf;
				ENABLE_STRICT_OBJC_MSGSEND = YES;
				ENABLE_TESTABILITY = YES;
				ENABLE_USER_SCRIPT_SANDBOXING = YES;
				GCC_C_LANGUAGE_STANDARD = gnu17;
				GCC_DYNAMIC_NO_PIC = NO;
				GCC_NO_COMMON_BLOCKS = YES;
				GCC_OPTIMIZATION_LEVEL = 0;
				GCC_PREPROCESSOR_DEFINITIONS = (
					"DEBUG=1",
					"$(inherited)",
				);
				GCC_WARN_64_TO_32_BIT_CONVERSION = YES;
				GCC_WARN_ABOUT_RETURN_TYPE = YES_ERROR;
				GCC_WARN_UNDECLARED_SELECTOR = YES;
				GCC_WARN_UNINITIALIZED_AUTOS = YES_AGGRESSIVE;
				GCC_WARN_UNUSED_FUNCTION = YES;
				GCC_WARN_UNUSED_VARIABLE = YES;
				IPHONEOS_DEPLOYMENT_TARGET = 18.1;
				LOCALIZATION_PREFERS_STRING_CATALOGS = YES;
				MTL_ENABLE_DEBUG_INFO = INCLUDE_SOURCE;
				MTL_FAST_MATH = YES;
				ONLY_ACTIVE_ARCH = YES;
				SDKROOT = iphoneos;
				SWIFT_ACTIVE_COMPILATION_CONDITIONS = "DEBUG $(inherited)";
				SWIFT_OPTIMIZATION_LEVEL = "-Onone";
			};
			name = Debug;
		};
		6EDA75662D5686F80029CC1A /* Release */ = {
			isa = XCBuildConfiguration;
			buildSettings = {
				ALWAYS_SEARCH_USER_PATHS = NO;
				ASSETCATALOG_COMPILER_GENERATE_SWIFT_ASSET_SYMBOL_EXTENSIONS = YES;
				CLANG_ANALYZER_NONNULL = YES;
				CLANG_ANALYZER_NUMBER_OBJECT_CONVERSION = YES_AGGRESSIVE;
				CLANG_CXX_LANGUAGE_STANDARD = "gnu++20";
				CLANG_ENABLE_MODULES = YES;
				CLANG_ENABLE_OBJC_ARC = YES;
				CLANG_ENABLE_OBJC_WEAK = YES;
				CLANG_WARN_BLOCK_CAPTURE_AUTORELEASING = YES;
				CLANG_WARN_BOOL_CONVERSION = YES;
				CLANG_WARN_COMMA = YES;
				CLANG_WARN_CONSTANT_CONVERSION = YES;
				CLANG_WARN_DEPRECATED_OBJC_IMPLEMENTATIONS = YES;
				CLANG_WARN_DIRECT_OBJC_ISA_USAGE = YES_ERROR;
				CLANG_WARN_DOCUMENTATION_COMMENTS = YES;
				CLANG_WARN_EMPTY_BODY = YES;
				CLANG_WARN_ENUM_CONVERSION = YES;
				CLANG_WARN_INFINITE_RECURSION = YES;
				CLANG_WARN_INT_CONVERSION = YES;
				CLANG_WARN_NON_LITERAL_NULL_CONVERSION = YES;
				CLANG_WARN_OBJC_IMPLICIT_RETAIN_SELF = YES;
				CLANG_WARN_OBJC_LITERAL_CONVERSION = YES;
				CLANG_WARN_OBJC_ROOT_CLASS = YES_ERROR;
				CLANG_WARN_QUOTED_INCLUDE_IN_FRAMEWORK_HEADER = YES;
				CLANG_WARN_RANGE_LOOP_ANALYSIS = YES;
				CLANG_WARN_STRICT_PROTOTYPES = YES;
				CLANG_WARN_SUSPICIOUS_MOVE = YES;
				CLANG_WARN_UNGUARDED_AVAILABILITY = YES_AGGRESSIVE;
				CLANG_WARN_UNREACHABLE_CODE = YES;
				CLANG_WARN__DUPLICATE_METHOD_MATCH = YES;
				COPY_PHASE_STRIP = NO;
				DEBUG_INFORMATION_FORMAT = "dwarf-with-dsym";
				ENABLE_NS_ASSERTIONS = NO;
				ENABLE_STRICT_OBJC_MSGSEND = YES;
				ENABLE_USER_SCRIPT_SANDBOXING = YES;
				GCC_C_LANGUAGE_STANDARD = gnu17;
				GCC_NO_COMMON_BLOCKS = YES;
				GCC_WARN_64_TO_32_BIT_CONVERSION = YES;
				GCC_WARN_ABOUT_RETURN_TYPE = YES_ERROR;
				GCC_WARN_UNDECLARED_SELECTOR = YES;
				GCC_WARN_UNINITIALIZED_AUTOS = YES_AGGRESSIVE;
				GCC_WARN_UNUSED_FUNCTION = YES;
				GCC_WARN_UNUSED_VARIABLE = YES;
				IPHONEOS_DEPLOYMENT_TARGET = 18.1;
				LOCALIZATION_PREFERS_STRING_CATALOGS = YES;
				MTL_ENABLE_DEBUG_INFO = NO;
				MTL_FAST_MATH = YES;
				SDKROOT = iphoneos;
				SWIFT_COMPILATION_MODE = wholemodule;
				VALIDATE_PRODUCT = YES;
			};
			name = Release;
		};
		6EDA75682D5686F80029CC1A /* Debug */ = {
			isa = XCBuildConfiguration;
			buildSettings = {
				ASSETCATALOG_COMPILER_APPICON_NAME = AppIcon;
				ASSETCATALOG_COMPILER_GLOBAL_ACCENT_COLOR_NAME = AccentColor;
				CODE_SIGN_STYLE = Automatic;
				CURRENT_PROJECT_VERSION = 1;
				DEVELOPMENT_ASSET_PATHS = "\"LogIn&Out/Preview Content\"";
				ENABLE_PREVIEWS = YES;
				GENERATE_INFOPLIST_FILE = YES;
				INFOPLIST_KEY_UIApplicationSceneManifest_Generation = YES;
				INFOPLIST_KEY_UIApplicationSupportsIndirectInputEvents = YES;
				INFOPLIST_KEY_UILaunchScreen_Generation = YES;
				INFOPLIST_KEY_UISupportedInterfaceOrientations_iPad = "UIInterfaceOrientationPortrait UIInterfaceOrientationPortraitUpsideDown UIInterfaceOrientationLandscapeLeft UIInterfaceOrientationLandscapeRight";
				INFOPLIST_KEY_UISupportedInterfaceOrientations_iPhone = "UIInterfaceOrientationPortrait UIInterfaceOrientationLandscapeLeft UIInterfaceOrientationLandscapeRight";
				LD_RUNPATH_SEARCH_PATHS = (
					"$(inherited)",
					"@executable_path/Frameworks",
				);
				MARKETING_VERSION = 1.0;
				PRODUCT_BUNDLE_IDENTIFIER = "com.Fknrd.LogIn-Out";
				PRODUCT_NAME = "$(TARGET_NAME)";
				SWIFT_EMIT_LOC_STRINGS = YES;
				SWIFT_VERSION = 5.0;
				TARGETED_DEVICE_FAMILY = "1,2";
			};
			name = Debug;
		};
		6EDA75692D5686F80029CC1A /* Release */ = {
			isa = XCBuildConfiguration;
			buildSettings = {
				ASSETCATALOG_COMPILER_APPICON_NAME = AppIcon;
				ASSETCATALOG_COMPILER_GLOBAL_ACCENT_COLOR_NAME = AccentColor;
				CODE_SIGN_STYLE = Automatic;
				CURRENT_PROJECT_VERSION = 1;
				DEVELOPMENT_ASSET_PATHS = "\"LogIn&Out/Preview Content\"";
				ENABLE_PREVIEWS = YES;
				GENERATE_INFOPLIST_FILE = YES;
				INFOPLIST_KEY_UIApplicationSceneManifest_Generation = YES;
				INFOPLIST_KEY_UIApplicationSupportsIndirectInputEvents = YES;
				INFOPLIST_KEY_UILaunchScreen_Generation = YES;
				INFOPLIST_KEY_UISupportedInterfaceOrientations_iPad = "UIInterfaceOrientationPortrait UIInterfaceOrientationPortraitUpsideDown UIInterfaceOrientationLandscapeLeft UIInterfaceOrientationLandscapeRight";
				INFOPLIST_KEY_UISupportedInterfaceOrientations_iPhone = "UIInterfaceOrientationPortrait UIInterfaceOrientationLandscapeLeft UIInterfaceOrientationLandscapeRight";
				LD_RUNPATH_SEARCH_PATHS = (
					"$(inherited)",
					"@executable_path/Frameworks",
				);
				MARKETING_VERSION = 1.0;
				PRODUCT_BUNDLE_IDENTIFIER = "com.Fknrd.LogIn-Out";
				PRODUCT_NAME = "$(TARGET_NAME)";
				SWIFT_EMIT_LOC_STRINGS = YES;
				SWIFT_VERSION = 5.0;
				TARGETED_DEVICE_FAMILY = "1,2";
			};
			name = Release;
		};
		6EDA756B2D5686F80029CC1A /* Debug */ = {
			isa = XCBuildConfiguration;
			buildSettings = {
				BUNDLE_LOADER = "$(TEST_HOST)";
				CODE_SIGN_STYLE = Automatic;
				CURRENT_PROJECT_VERSION = 1;
				GENERATE_INFOPLIST_FILE = YES;
				IPHONEOS_DEPLOYMENT_TARGET = 18.1;
				MARKETING_VERSION = 1.0;
				PRODUCT_BUNDLE_IDENTIFIER = "com.Fknrd.LogIn-OutTests";
				PRODUCT_NAME = "$(TARGET_NAME)";
				SWIFT_EMIT_LOC_STRINGS = NO;
				SWIFT_VERSION = 5.0;
				TARGETED_DEVICE_FAMILY = "1,2";
				TEST_HOST = "$(BUILT_PRODUCTS_DIR)/LogIn&Out.app/$(BUNDLE_EXECUTABLE_FOLDER_PATH)/LogIn&Out";
			};
			name = Debug;
		};
		6EDA756C2D5686F80029CC1A /* Release */ = {
			isa = XCBuildConfiguration;
			buildSettings = {
				BUNDLE_LOADER = "$(TEST_HOST)";
				CODE_SIGN_STYLE = Automatic;
				CURRENT_PROJECT_VERSION = 1;
				GENERATE_INFOPLIST_FILE = YES;
				IPHONEOS_DEPLOYMENT_TARGET = 18.1;
				MARKETING_VERSION = 1.0;
				PRODUCT_BUNDLE_IDENTIFIER = "com.Fknrd.LogIn-OutTests";
				PRODUCT_NAME = "$(TARGET_NAME)";
				SWIFT_EMIT_LOC_STRINGS = NO;
				SWIFT_VERSION = 5.0;
				TARGETED_DEVICE_FAMILY = "1,2";
				TEST_HOST = "$(BUILT_PRODUCTS_DIR)/LogIn&Out.app/$(BUNDLE_EXECUTABLE_FOLDER_PATH)/LogIn&Out";
			};
			name = Release;
		};
		6EDA756E2D5686F80029CC1A /* Debug */ = {
			isa = XCBuildConfiguration;
			buildSettings = {
				CODE_SIGN_STYLE = Automatic;
				CURRENT_PROJECT_VERSION = 1;
				GENERATE_INFOPLIST_FILE = YES;
				MARKETING_VERSION = 1.0;
				PRODUCT_BUNDLE_IDENTIFIER = "com.Fknrd.LogIn-OutUITests";
				PRODUCT_NAME = "$(TARGET_NAME)";
				SWIFT_EMIT_LOC_STRINGS = NO;
				SWIFT_VERSION = 5.0;
				TARGETED_DEVICE_FAMILY = "1,2";
				TEST_TARGET_NAME = "LogIn&Out";
			};
			name = Debug;
		};
		6EDA756F2D5686F80029CC1A /* Release */ = {
			isa = XCBuildConfiguration;
			buildSettings = {
				CODE_SIGN_STYLE = Automatic;
				CURRENT_PROJECT_VERSION = 1;
				GENERATE_INFOPLIST_FILE = YES;
				MARKETING_VERSION = 1.0;
				PRODUCT_BUNDLE_IDENTIFIER = "com.Fknrd.LogIn-OutUITests";
				PRODUCT_NAME = "$(TARGET_NAME)";
				SWIFT_EMIT_LOC_STRINGS = NO;
				SWIFT_VERSION = 5.0;
				TARGETED_DEVICE_FAMILY = "1,2";
				TEST_TARGET_NAME = "LogIn&Out";
			};
			name = Release;
		};
/* End XCBuildConfiguration section */

/* Begin XCConfigurationList section */
		6EDA753E2D5686F50029CC1A /* Build configuration list for PBXProject "LogIn&Out" */ = {
			isa = XCConfigurationList;
			buildConfigurations = (
				6EDA75652D5686F80029CC1A /* Debug */,
				6EDA75662D5686F80029CC1A /* Release */,
			);
			defaultConfigurationIsVisible = 0;
			defaultConfigurationName = Release;
		};
		6EDA75672D5686F80029CC1A /* Build configuration list for PBXNativeTarget "LogIn&Out" */ = {
			isa = XCConfigurationList;
			buildConfigurations = (
				6EDA75682D5686F80029CC1A /* Debug */,
				6EDA75692D5686F80029CC1A /* Release */,
			);
			defaultConfigurationIsVisible = 0;
			defaultConfigurationName = Release;
		};
		6EDA756A2D5686F80029CC1A /* Build configuration list for PBXNativeTarget "LogIn&OutTests" */ = {
			isa = XCConfigurationList;
			buildConfigurations = (
				6EDA756B2D5686F80029CC1A /* Debug */,
				6EDA756C2D5686F80029CC1A /* Release */,
			);
			defaultConfigurationIsVisible = 0;
			defaultConfigurationName = Release;
		};
		6EDA756D2D5686F80029CC1A /* Build configuration list for PBXNativeTarget "LogIn&OutUITests" */ = {
			isa = XCConfigurationList;
			buildConfigurations = (
				6EDA756E2D5686F80029CC1A /* Debug */,
				6EDA756F2D5686F80029CC1A /* Release */,
			);
			defaultConfigurationIsVisible = 0;
			defaultConfigurationName = Release;
		};
/* End XCConfigurationList section */
	};
	rootObject = 6EDA753B2D5686F50029CC1A /* Project object */;
}
